
Microsoft Visual Studio Solution File, Format Version 12.00
# Visual Studio Version 16
VisualStudioVersion = 16.0.31112.23
MinimumVisualStudioVersion = 10.0.40219.1
Project("{FAE04EC0-301F-11D3-BF4B-00C04F79EFBC}") = "SimpleNotepadPreAlpha", "SimpleNotepadPreAlpha\SimpleNotepadPreAlpha.csproj", "{FC613115-955C-411B-B5C9-C22CF34A7670}"
EndProject
Project("{FAE04EC0-301F-11D3-BF4B-00C04F79EFBC}") = "SimpleNotepadAlpha", "SimpleNotepadAlpha\SimpleNotepadAlpha.csproj", "{19B6AE51-FDD7-4A75-91FB-EC5CB8316A66}"
EndProject
Project("{FAE04EC0-301F-11D3-BF4B-00C04F79EFBC}") = "SimpleNotepadBeta", "SimpleNotepadBeta\SimpleNotepadBeta.csproj", "{985B68CF-48F7-4EF2-AC4A-6C272D341CDE}"
EndProject
Global
	GlobalSection(SolutionConfigurationPlatforms) = preSolution
		Debug|Any CPU = Debug|Any CPU
		Release|Any CPU = Release|Any CPU
	EndGlobalSection
	GlobalSection(ProjectConfigurationPlatforms) = postSolution
		{FC613115-955C-411B-B5C9-C22CF34A7670}.Debug|Any CPU.ActiveCfg = Debug|Any CPU
		{FC613115-955C-411B-B5C9-C22CF34A7670}.Debug|Any CPU.Build.0 = Debug|Any CPU
		{FC613115-955C-411B-B5C9-C22CF34A7670}.Release|Any CPU.ActiveCfg = Release|Any CPU
		{FC613115-955C-411B-B5C9-C22CF34A7670}.Release|Any CPU.Build.0 = Release|Any CPU
		{19B6AE51-FDD7-4A75-91FB-EC5CB8316A66}.Debug|Any CPU.ActiveCfg = Debug|Any CPU
		{19B6AE51-FDD7-4A75-91FB-EC5CB8316A66}.Debug|Any CPU.Build.0 = Debug|Any CPU
		{19B6AE51-FDD7-4A75-91FB-EC5CB8316A66}.Release|Any CPU.ActiveCfg = Release|Any CPU
		{19B6AE51-FDD7-4A75-91FB-EC5CB8316A66}.Release|Any CPU.Build.0 = Release|Any CPU
		{985B68CF-48F7-4EF2-AC4A-6C272D341CDE}.Debug|Any CPU.ActiveCfg = Debug|Any CPU
		{985B68CF-48F7-4EF2-AC4A-6C272D341CDE}.Debug|Any CPU.Build.0 = Debug|Any CPU
		{985B68CF-48F7-4EF2-AC4A-6C272D341CDE}.Release|Any CPU.ActiveCfg = Release|Any CPU
		{985B68CF-48F7-4EF2-AC4A-6C272D341CDE}.Release|Any CPU.Build.0 = Release|Any CPU
	EndGlobalSection
	GlobalSection(SolutionProperties) = preSolution
		HideSolutionNode = FALSE
	EndGlobalSection
	GlobalSection(ExtensibilityGlobals) = postSolution
		SolutionGuid = {D9A9FDBA-6664-4CD0-B1D5-83B5999BF2BB}
	EndGlobalSection
EndGlobal
